
Microsoft Visual Studio Solution File, Format Version 12.00
# Visual Studio Version 16
VisualStudioVersion = 16.0.31402.337
MinimumVisualStudioVersion = 10.0.40219.1
Project("{FAE04EC0-301F-11D3-BF4B-00C04F79EFBC}") = "Zadatak2", "Zadatak2\Zadatak2.csproj", "{E322B08F-8DBA-444D-9260-4F0A83969801}"
EndProject
Global
	GlobalSection(SolutionConfigurationPlatforms) = preSolution
		Debug|Any CPU = Debug|Any CPU
		Release|Any CPU = Release|Any CPU
	EndGlobalSection
	GlobalSection(ProjectConfigurationPlatforms) = postSolution
		{E322B08F-8DBA-444D-9260-4F0A83969801}.Debug|Any CPU.ActiveCfg = Debug|Any CPU
		{E322B08F-8DBA-444D-9260-4F0A83969801}.Debug|Any CPU.Build.0 = Debug|Any CPU
		{E322B08F-8DBA-444D-9260-4F0A83969801}.Release|Any CPU.ActiveCfg = Release|Any CPU
		{E322B08F-8DBA-444D-9260-4F0A83969801}.Release|Any CPU.Build.0 = Release|Any CPU
	EndGlobalSection
	GlobalSection(SolutionProperties) = preSolution
		HideSolutionNode = FALSE
	EndGlobalSection
	GlobalSection(ExtensibilityGlobals) = postSolution
		SolutionGuid = {99399C9C-3587-4AB5-94A4-6E9DFA45C7E1}
	EndGlobalSection
EndGlobal
